// !$*UTF8*$!
{
	archiveVersion = 1;
	classes = {
	};
	objectVersion = 50;
	objects = {

/* Begin PBXBuildFile section */
		30752DC325EDB15500A6E89A /* Tests_iOS.swift in Sources */ = {isa = PBXBuildFile; fileRef = 30752DC225EDB15500A6E89A /* Tests_iOS.swift */; };
		30752DCE25EDB15500A6E89A /* Tests_macOS.swift in Sources */ = {isa = PBXBuildFile; fileRef = 30752DCD25EDB15500A6E89A /* Tests_macOS.swift */; };
		30752DD025EDB15500A6E89A /* HelloWorldApp.swift in Sources */ = {isa = PBXBuildFile; fileRef = 30752DA725EDB15200A6E89A /* HelloWorldApp.swift */; };
		30752DD125EDB15500A6E89A /* HelloWorldApp.swift in Sources */ = {isa = PBXBuildFile; fileRef = 30752DA725EDB15200A6E89A /* HelloWorldApp.swift */; };
		30752DD225EDB15500A6E89A /* ContentView.swift in Sources */ = {isa = PBXBuildFile; fileRef = 30752DA825EDB15200A6E89A /* ContentView.swift */; };
		30752DD325EDB15500A6E89A /* ContentView.swift in Sources */ = {isa = PBXBuildFile; fileRef = 30752DA825EDB15200A6E89A /* ContentView.swift */; };
		30752DD425EDB15500A6E89A /* Assets.xcassets in Resources */ = {isa = PBXBuildFile; fileRef = 30752DA925EDB15500A6E89A /* Assets.xcassets */; };
		30752DD525EDB15500A6E89A /* Assets.xcassets in Resources */ = {isa = PBXBuildFile; fileRef = 30752DA925EDB15500A6E89A /* Assets.xcassets */; };
/* End PBXBuildFile section */

/* Begin PBXContainerItemProxy section */
		30752DBF25EDB15500A6E89A /* PBXContainerItemProxy */ = {
			isa = PBXContainerItemProxy;
			containerPortal = 30752DA225EDB15100A6E89A /* Project object */;
			proxyType = 1;
			remoteGlobalIDString = 30752DAD25EDB15500A6E89A;
			remoteInfo = "HelloWorld (iOS)";
		};
		30752DCA25EDB15500A6E89A /* PBXContainerItemProxy */ = {
			isa = PBXContainerItemProxy;
			containerPortal = 30752DA225EDB15100A6E89A /* Project object */;
			proxyType = 1;
			remoteGlobalIDString = 30752DB525EDB15500A6E89A;
			remoteInfo = "HelloWorld (macOS)";
		};
/* End PBXContainerItemProxy section */

/* Begin PBXFileReference section */
		30752DA725EDB15200A6E89A /* HelloWorldApp.swift */ = {isa = PBXFileReference; lastKnownFileType = sourcecode.swift; path = HelloWorldApp.swift; sourceTree = "<group>"; };
		30752DA825EDB15200A6E89A /* ContentView.swift */ = {isa = PBXFileReference; lastKnownFileType = sourcecode.swift; path = ContentView.swift; sourceTree = "<group>"; };
		30752DA925EDB15500A6E89A /* Assets.xcassets */ = {isa = PBXFileReference; lastKnownFileType = folder.assetcatalog; path = Assets.xcassets; sourceTree = "<group>"; };
		30752DAE25EDB15500A6E89A /* HelloWorld.app */ = {isa = PBXFileReference; explicitFileType = wrapper.application; includeInIndex = 0; path = HelloWorld.app; sourceTree = BUILT_PRODUCTS_DIR; };
		30752DB125EDB15500A6E89A /* Info.plist */ = {isa = PBXFileReference; lastKnownFileType = text.plist.xml; path = Info.plist; sourceTree = "<group>"; };
		30752DB625EDB15500A6E89A /* HelloWorld.app */ = {isa = PBXFileReference; explicitFileType = wrapper.application; includeInIndex = 0; path = HelloWorld.app; sourceTree = BUILT_PRODUCTS_DIR; };
		30752DB825EDB15500A6E89A /* Info.plist */ = {isa = PBXFileReference; lastKnownFileType = text.plist.xml; path = Info.plist; sourceTree = "<group>"; };
		30752DB925EDB15500A6E89A /* macOS.entitlements */ = {isa = PBXFileReference; lastKnownFileType = text.plist.entitlements; path = macOS.entitlements; sourceTree = "<group>"; };
		30752DBE25EDB15500A6E89A /* Tests iOS.xctest */ = {isa = PBXFileReference; explicitFileType = wrapper.cfbundle; includeInIndex = 0; path = "Tests iOS.xctest"; sourceTree = BUILT_PRODUCTS_DIR; };
		30752DC225EDB15500A6E89A /* Tests_iOS.swift */ = {isa = PBXFileReference; lastKnownFileType = sourcecode.swift; path = Tests_iOS.swift; sourceTree = "<group>"; };
		30752DC425EDB15500A6E89A /* Info.plist */ = {isa = PBXFileReference; lastKnownFileType = text.plist.xml; path = Info.plist; sourceTree = "<group>"; };
		30752DC925EDB15500A6E89A /* Tests macOS.xctest */ = {isa = PBXFileReference; explicitFileType = wrapper.cfbundle; includeInIndex = 0; path = "Tests macOS.xctest"; sourceTree = BUILT_PRODUCTS_DIR; };
		30752DCD25EDB15500A6E89A /* Tests_macOS.swift */ = {isa = PBXFileReference; lastKnownFileType = sourcecode.swift; path = Tests_macOS.swift; sourceTree = "<group>"; };
		30752DCF25EDB15500A6E89A /* Info.plist */ = {isa = PBXFileReference; lastKnownFileType = text.plist.xml; path = Info.plist; sourceTree = "<group>"; };
/* End PBXFileReference section */

/* Begin PBXFrameworksBuildPhase section */
		30752DAB25EDB15500A6E89A /* Frameworks */ = {
			isa = PBXFrameworksBuildPhase;
			buildActionMask = 2147483647;
			files = (
			);
			runOnlyForDeploymentPostprocessing = 0;
		};
		30752DB325EDB15500A6E89A /* Frameworks */ = {
			isa = PBXFrameworksBuildPhase;
			buildActionMask = 2147483647;
			files = (
			);
			runOnlyForDeploymentPostprocessing = 0;
		};
		30752DBB25EDB15500A6E89A /* Frameworks */ = {
			isa = PBXFrameworksBuildPhase;
			buildActionMask = 2147483647;
			files = (
			);
			runOnlyForDeploymentPostprocessing = 0;
		};
		30752DC625EDB15500A6E89A /* Frameworks */ = {
			isa = PBXFrameworksBuildPhase;
			buildActionMask = 2147483647;
			files = (
			);
			runOnlyForDeploymentPostprocessing = 0;
		};
/* End PBXFrameworksBuildPhase section */

/* Begin PBXGroup section */
		30752DA125EDB15100A6E89A = {
			isa = PBXGroup;
			children = (
				30752DA625EDB15200A6E89A /* Shared */,
				30752DB025EDB15500A6E89A /* iOS */,
				30752DB725EDB15500A6E89A /* macOS */,
				30752DC125EDB15500A6E89A /* Tests iOS */,
				30752DCC25EDB15500A6E89A /* Tests macOS */,
				30752DAF25EDB15500A6E89A /* Products */,
			);
			sourceTree = "<group>";
		};
		30752DA625EDB15200A6E89A /* Shared */ = {
			isa = PBXGroup;
			children = (
				30752DA725EDB15200A6E89A /* HelloWorldApp.swift */,
				30752DA825EDB15200A6E89A /* ContentView.swift */,
				30752DA925EDB15500A6E89A /* Assets.xcassets */,
			);
			path = Shared;
			sourceTree = "<group>";
		};
		30752DAF25EDB15500A6E89A /* Products */ = {
			isa = PBXGroup;
			children = (
				30752DAE25EDB15500A6E89A /* HelloWorld.app */,
				30752DB625EDB15500A6E89A /* HelloWorld.app */,
				30752DBE25EDB15500A6E89A /* Tests iOS.xctest */,
				30752DC925EDB15500A6E89A /* Tests macOS.xctest */,
			);
			name = Products;
			sourceTree = "<group>";
		};
		30752DB025EDB15500A6E89A /* iOS */ = {
			isa = PBXGroup;
			children = (
				30752DB125EDB15500A6E89A /* Info.plist */,
			);
			path = iOS;
			sourceTree = "<group>";
		};
		30752DB725EDB15500A6E89A /* macOS */ = {
			isa = PBXGroup;
			children = (
				30752DB825EDB15500A6E89A /* Info.plist */,
				30752DB925EDB15500A6E89A /* macOS.entitlements */,
			);
			path = macOS;
			sourceTree = "<group>";
		};
		30752DC125EDB15500A6E89A /* Tests iOS */ = {
			isa = PBXGroup;
			children = (
				30752DC225EDB15500A6E89A /* Tests_iOS.swift */,
				30752DC425EDB15500A6E89A /* Info.plist */,
			);
			path = "Tests iOS";
			sourceTree = "<group>";
		};
		30752DCC25EDB15500A6E89A /* Tests macOS */ = {
			isa = PBXGroup;
			children = (
				30752DCD25EDB15500A6E89A /* Tests_macOS.swift */,
				30752DCF25EDB15500A6E89A /* Info.plist */,
			);
			path = "Tests macOS";
			sourceTree = "<group>";
		};
/* End PBXGroup section */

/* Begin PBXNativeTarget section */
		30752DAD25EDB15500A6E89A /* HelloWorld (iOS) */ = {
			isa = PBXNativeTarget;
			buildConfigurationList = 30752DD825EDB15500A6E89A /* Build configuration list for PBXNativeTarget "HelloWorld (iOS)" */;
			buildPhases = (
				30752DAA25EDB15500A6E89A /* Sources */,
				30752DAB25EDB15500A6E89A /* Frameworks */,
				30752DAC25EDB15500A6E89A /* Resources */,
			);
			buildRules = (
			);
			dependencies = (
			);
			name = "HelloWorld (iOS)";
			productName = "HelloWorld (iOS)";
			productReference = 30752DAE25EDB15500A6E89A /* HelloWorld.app */;
			productType = "com.apple.product-type.application";
		};
		30752DB525EDB15500A6E89A /* HelloWorld (macOS) */ = {
			isa = PBXNativeTarget;
			buildConfigurationList = 30752DDB25EDB15500A6E89A /* Build configuration list for PBXNativeTarget "HelloWorld (macOS)" */;
			buildPhases = (
				30752DB225EDB15500A6E89A /* Sources */,
				30752DB325EDB15500A6E89A /* Frameworks */,
				30752DB425EDB15500A6E89A /* Resources */,
			);
			buildRules = (
			);
			dependencies = (
			);
			name = "HelloWorld (macOS)";
			productName = "HelloWorld (macOS)";
			productReference = 30752DB625EDB15500A6E89A /* HelloWorld.app */;
			productType = "com.apple.product-type.application";
		};
		30752DBD25EDB15500A6E89A /* Tests iOS */ = {
			isa = PBXNativeTarget;
			buildConfigurationList = 30752DDE25EDB15500A6E89A /* Build configuration list for PBXNativeTarget "Tests iOS" */;
			buildPhases = (
				30752DBA25EDB15500A6E89A /* Sources */,
				30752DBB25EDB15500A6E89A /* Frameworks */,
				30752DBC25EDB15500A6E89A /* Resources */,
			);
			buildRules = (
			);
			dependencies = (
				30752DC025EDB15500A6E89A /* PBXTargetDependency */,
			);
			name = "Tests iOS";
			productName = "Tests iOS";
			productReference = 30752DBE25EDB15500A6E89A /* Tests iOS.xctest */;
			productType = "com.apple.product-type.bundle.ui-testing";
		};
		30752DC825EDB15500A6E89A /* Tests macOS */ = {
			isa = PBXNativeTarget;
			buildConfigurationList = 30752DE125EDB15500A6E89A /* Build configuration list for PBXNativeTarget "Tests macOS" */;
			buildPhases = (
				30752DC525EDB15500A6E89A /* Sources */,
				30752DC625EDB15500A6E89A /* Frameworks */,
				30752DC725EDB15500A6E89A /* Resources */,
			);
			buildRules = (
			);
			dependencies = (
				30752DCB25EDB15500A6E89A /* PBXTargetDependency */,
			);
			name = "Tests macOS";
			productName = "Tests macOS";
			productReference = 30752DC925EDB15500A6E89A /* Tests macOS.xctest */;
			productType = "com.apple.product-type.bundle.ui-testing";
		};
/* End PBXNativeTarget section */

/* Begin PBXProject section */
		30752DA225EDB15100A6E89A /* Project object */ = {
			isa = PBXProject;
			attributes = {
				LastSwiftUpdateCheck = 1240;
				LastUpgradeCheck = 1240;
				TargetAttributes = {
					30752DAD25EDB15500A6E89A = {
						CreatedOnToolsVersion = 12.4;
					};
					30752DB525EDB15500A6E89A = {
						CreatedOnToolsVersion = 12.4;
					};
					30752DBD25EDB15500A6E89A = {
						CreatedOnToolsVersion = 12.4;
						TestTargetID = 30752DAD25EDB15500A6E89A;
					};
					30752DC825EDB15500A6E89A = {
						CreatedOnToolsVersion = 12.4;
						TestTargetID = 30752DB525EDB15500A6E89A;
					};
				};
			};
			buildConfigurationList = 30752DA525EDB15100A6E89A /* Build configuration list for PBXProject "HelloWorld" */;
			compatibilityVersion = "Xcode 9.3";
			developmentRegion = en;
			hasScannedForEncodings = 0;
			knownRegions = (
				en,
				Base,
			);
			mainGroup = 30752DA125EDB15100A6E89A;
			productRefGroup = 30752DAF25EDB15500A6E89A /* Products */;
			projectDirPath = "";
			projectRoot = "";
			targets = (
				30752DAD25EDB15500A6E89A /* HelloWorld (iOS) */,
				30752DB525EDB15500A6E89A /* HelloWorld (macOS) */,
				30752DBD25EDB15500A6E89A /* Tests iOS */,
				30752DC825EDB15500A6E89A /* Tests macOS */,
			);
		};
/* End PBXProject section */

/* Begin PBXResourcesBuildPhase section */
		30752DAC25EDB15500A6E89A /* Resources */ = {
			isa = PBXResourcesBuildPhase;
			buildActionMask = 2147483647;
			files = (
				30752DD425EDB15500A6E89A /* Assets.xcassets in Resources */,
			);
			runOnlyForDeploymentPostprocessing = 0;
		};
		30752DB425EDB15500A6E89A /* Resources */ = {
			isa = PBXResourcesBuildPhase;
			buildActionMask = 2147483647;
			files = (
				30752DD525EDB15500A6E89A /* Assets.xcassets in Resources */,
			);
			runOnlyForDeploymentPostprocessing = 0;
		};
		30752DBC25EDB15500A6E89A /* Resources */ = {
			isa = PBXResourcesBuildPhase;
			buildActionMask = 2147483647;
			files = (
			);
			runOnlyForDeploymentPostprocessing = 0;
		};
		30752DC725EDB15500A6E89A /* Resources */ = {
			isa = PBXResourcesBuildPhase;
			buildActionMask = 2147483647;
			files = (
			);
			runOnlyForDeploymentPostprocessing = 0;
		};
/* End PBXResourcesBuildPhase section */

/* Begin PBXSourcesBuildPhase section */
		30752DAA25EDB15500A6E89A /* Sources */ = {
			isa = PBXSourcesBuildPhase;
			buildActionMask = 2147483647;
			files = (
				30752DD225EDB15500A6E89A /* ContentView.swift in Sources */,
				30752DD025EDB15500A6E89A /* HelloWorldApp.swift in Sources */,
			);
			runOnlyForDeploymentPostprocessing = 0;
		};
		30752DB225EDB15500A6E89A /* Sources */ = {
			isa = PBXSourcesBuildPhase;
			buildActionMask = 2147483647;
			files = (
				30752DD325EDB15500A6E89A /* ContentView.swift in Sources */,
				30752DD125EDB15500A6E89A /* HelloWorldApp.swift in Sources */,
			);
			runOnlyForDeploymentPostprocessing = 0;
		};
		30752DBA25EDB15500A6E89A /* Sources */ = {
			isa = PBXSourcesBuildPhase;
			buildActionMask = 2147483647;
			files = (
				30752DC325EDB15500A6E89A /* Tests_iOS.swift in Sources */,
			);
			runOnlyForDeploymentPostprocessing = 0;
		};
		30752DC525EDB15500A6E89A /* Sources */ = {
			isa = PBXSourcesBuildPhase;
			buildActionMask = 2147483647;
			files = (
				30752DCE25EDB15500A6E89A /* Tests_macOS.swift in Sources */,
			);
			runOnlyForDeploymentPostprocessing = 0;
		};
/* End PBXSourcesBuildPhase section */

/* Begin PBXTargetDependency section */
		30752DC025EDB15500A6E89A /* PBXTargetDependency */ = {
			isa = PBXTargetDependency;
			target = 30752DAD25EDB15500A6E89A /* HelloWorld (iOS) */;
			targetProxy = 30752DBF25EDB15500A6E89A /* PBXContainerItemProxy */;
		};
		30752DCB25EDB15500A6E89A /* PBXTargetDependency */ = {
			isa = PBXTargetDependency;
			target = 30752DB525EDB15500A6E89A /* HelloWorld (macOS) */;
			targetProxy = 30752DCA25EDB15500A6E89A /* PBXContainerItemProxy */;
		};
/* End PBXTargetDependency section */

/* Begin XCBuildConfiguration section */
		30752DD625EDB15500A6E89A /* Debug */ = {
			isa = XCBuildConfiguration;
			buildSettings = {
				ALWAYS_SEARCH_USER_PATHS = NO;
				CLANG_ANALYZER_NONNULL = YES;
				CLANG_ANALYZER_NUMBER_OBJECT_CONVERSION = YES_AGGRESSIVE;
				CLANG_CXX_LANGUAGE_STANDARD = "gnu++14";
				CLANG_CXX_LIBRARY = "libc++";
				CLANG_ENABLE_MODULES = YES;
				CLANG_ENABLE_OBJC_ARC = YES;
				CLANG_ENABLE_OBJC_WEAK = YES;
				CLANG_WARN_BLOCK_CAPTURE_AUTORELEASING = YES;
				CLANG_WARN_BOOL_CONVERSION = YES;
				CLANG_WARN_COMMA = YES;
				CLANG_WARN_CONSTANT_CONVERSION = YES;
				CLANG_WARN_DEPRECATED_OBJC_IMPLEMENTATIONS = YES;
				CLANG_WARN_DIRECT_OBJC_ISA_USAGE = YES_ERROR;
				CLANG_WARN_DOCUMENTATION_COMMENTS = YES;
				CLANG_WARN_EMPTY_BODY = YES;
				CLANG_WARN_ENUM_CONVERSION = YES;
				CLANG_WARN_INFINITE_RECURSION = YES;
				CLANG_WARN_INT_CONVERSION = YES;
				CLANG_WARN_NON_LITERAL_NULL_CONVERSION = YES;
				CLANG_WARN_OBJC_IMPLICIT_RETAIN_SELF = YES;
				CLANG_WARN_OBJC_LITERAL_CONVERSION = YES;
				CLANG_WARN_OBJC_ROOT_CLASS = YES_ERROR;
				CLANG_WARN_QUOTED_INCLUDE_IN_FRAMEWORK_HEADER = YES;
				CLANG_WARN_RANGE_LOOP_ANALYSIS = YES;
				CLANG_WARN_STRICT_PROTOTYPES = YES;
				CLANG_WARN_SUSPICIOUS_MOVE = YES;
				CLANG_WARN_UNGUARDED_AVAILABILITY = YES_AGGRESSIVE;
				CLANG_WARN_UNREACHABLE_CODE = YES;
				CLANG_WARN__DUPLICATE_METHOD_MATCH = YES;
				COPY_PHASE_STRIP = NO;
				DEBUG_INFORMATION_FORMAT = dwarf;
				ENABLE_STRICT_OBJC_MSGSEND = YES;
				ENABLE_TESTABILITY = YES;
				GCC_C_LANGUAGE_STANDARD = gnu11;
				GCC_DYNAMIC_NO_PIC = NO;
				GCC_NO_COMMON_BLOCKS = YES;
				GCC_OPTIMIZATION_LEVEL = 0;
				GCC_PREPROCESSOR_DEFINITIONS = (
					"DEBUG=1",
					"$(inherited)",
				);
				GCC_WARN_64_TO_32_BIT_CONVERSION = YES;
				GCC_WARN_ABOUT_RETURN_TYPE = YES_ERROR;
				GCC_WARN_UNDECLARED_SELECTOR = YES;
				GCC_WARN_UNINITIALIZED_AUTOS = YES_AGGRESSIVE;
				GCC_WARN_UNUSED_FUNCTION = YES;
				GCC_WARN_UNUSED_VARIABLE = YES;
				MTL_ENABLE_DEBUG_INFO = INCLUDE_SOURCE;
				MTL_FAST_MATH = YES;
				ONLY_ACTIVE_ARCH = YES;
				SWIFT_ACTIVE_COMPILATION_CONDITIONS = DEBUG;
				SWIFT_OPTIMIZATION_LEVEL = "-Onone";
			};
			name = Debug;
		};
		30752DD725EDB15500A6E89A /* Release */ = {
			isa = XCBuildConfiguration;
			buildSettings = {
				ALWAYS_SEARCH_USER_PATHS = NO;
				CLANG_ANALYZER_NONNULL = YES;
				CLANG_ANALYZER_NUMBER_OBJECT_CONVERSION = YES_AGGRESSIVE;
				CLANG_CXX_LANGUAGE_STANDARD = "gnu++14";
				CLANG_CXX_LIBRARY = "libc++";
				CLANG_ENABLE_MODULES = YES;
				CLANG_ENABLE_OBJC_ARC = YES;
				CLANG_ENABLE_OBJC_WEAK = YES;
				CLANG_WARN_BLOCK_CAPTURE_AUTORELEASING = YES;
				CLANG_WARN_BOOL_CONVERSION = YES;
				CLANG_WARN_COMMA = YES;
				CLANG_WARN_CONSTANT_CONVERSION = YES;
				CLANG_WARN_DEPRECATED_OBJC_IMPLEMENTATIONS = YES;
				CLANG_WARN_DIRECT_OBJC_ISA_USAGE = YES_ERROR;
				CLANG_WARN_DOCUMENTATION_COMMENTS = YES;
				CLANG_WARN_EMPTY_BODY = YES;
				CLANG_WARN_ENUM_CONVERSION = YES;
				CLANG_WARN_INFINITE_RECURSION = YES;
				CLANG_WARN_INT_CONVERSION = YES;
				CLANG_WARN_NON_LITERAL_NULL_CONVERSION = YES;
				CLANG_WARN_OBJC_IMPLICIT_RETAIN_SELF = YES;
				CLANG_WARN_OBJC_LITERAL_CONVERSION = YES;
				CLANG_WARN_OBJC_ROOT_CLASS = YES_ERROR;
				CLANG_WARN_QUOTED_INCLUDE_IN_FRAMEWORK_HEADER = YES;
				CLANG_WARN_RANGE_LOOP_ANALYSIS = YES;
				CLANG_WARN_STRICT_PROTOTYPES = YES;
				CLANG_WARN_SUSPICIOUS_MOVE = YES;
				CLANG_WARN_UNGUARDED_AVAILABILITY = YES_AGGRESSIVE;
				CLANG_WARN_UNREACHABLE_CODE = YES;
				CLANG_WARN__DUPLICATE_METHOD_MATCH = YES;
				COPY_PHASE_STRIP = NO;
				DEBUG_INFORMATION_FORMAT = "dwarf-with-dsym";
				ENABLE_NS_ASSERTIONS = NO;
				ENABLE_STRICT_OBJC_MSGSEND = YES;
				GCC_C_LANGUAGE_STANDARD = gnu11;
				GCC_NO_COMMON_BLOCKS = YES;
				GCC_WARN_64_TO_32_BIT_CONVERSION = YES;
				GCC_WARN_ABOUT_RETURN_TYPE = YES_ERROR;
				GCC_WARN_UNDECLARED_SELECTOR = YES;
				GCC_WARN_UNINITIALIZED_AUTOS = YES_AGGRESSIVE;
				GCC_WARN_UNUSED_FUNCTION = YES;
				GCC_WARN_UNUSED_VARIABLE = YES;
				MTL_ENABLE_DEBUG_INFO = NO;
				MTL_FAST_MATH = YES;
				SWIFT_COMPILATION_MODE = wholemodule;
				SWIFT_OPTIMIZATION_LEVEL = "-O";
			};
			name = Release;
		};
		30752DD925EDB15500A6E89A /* Debug */ = {
			isa = XCBuildConfiguration;
			buildSettings = {
				ASSETCATALOG_COMPILER_APPICON_NAME = AppIcon;
				ASSETCATALOG_COMPILER_GLOBAL_ACCENT_COLOR_NAME = AccentColor;
				CODE_SIGN_STYLE = Automatic;
				ENABLE_PREVIEWS = YES;
				INFOPLIST_FILE = iOS/Info.plist;
				IPHONEOS_DEPLOYMENT_TARGET = 14.0;
				LD_RUNPATH_SEARCH_PATHS = (
					"$(inherited)",
					"@executable_path/Frameworks",
				);
				PRODUCT_BUNDLE_IDENTIFIER = MosleyTech.HelloWorld;
				PRODUCT_NAME = HelloWorld;
				SDKROOT = iphoneos;
				SWIFT_VERSION = 5.0;
				TARGETED_DEVICE_FAMILY = "1,2";
			};
			name = Debug;
		};
		30752DDA25EDB15500A6E89A /* Release */ = {
			isa = XCBuildConfiguration;
			buildSettings = {
				ASSETCATALOG_COMPILER_APPICON_NAME = AppIcon;
				ASSETCATALOG_COMPILER_GLOBAL_ACCENT_COLOR_NAME = AccentColor;
				CODE_SIGN_STYLE = Automatic;
				ENABLE_PREVIEWS = YES;
				INFOPLIST_FILE = iOS/Info.plist;
				IPHONEOS_DEPLOYMENT_TARGET = 14.0;
				LD_RUNPATH_SEARCH_PATHS = (
					"$(inherited)",
					"@executable_path/Frameworks",
				);
				PRODUCT_BUNDLE_IDENTIFIER = MosleyTech.HelloWorld;
				PRODUCT_NAME = HelloWorld;
				SDKROOT = iphoneos;
				SWIFT_VERSION = 5.0;
				TARGETED_DEVICE_FAMILY = "1,2";
				VALIDATE_PRODUCT = YES;
			};
			name = Release;
		};
		30752DDC25EDB15500A6E89A /* Debug */ = {
			isa = XCBuildConfiguration;
			buildSettings = {
				ASSETCATALOG_COMPILER_APPICON_NAME = AppIcon;
				ASSETCATALOG_COMPILER_GLOBAL_ACCENT_COLOR_NAME = AccentColor;
				CODE_SIGN_ENTITLEMENTS = macOS/macOS.entitlements;
				CODE_SIGN_STYLE = Automatic;
				COMBINE_HIDPI_IMAGES = YES;
				ENABLE_PREVIEWS = YES;
				INFOPLIST_FILE = macOS/Info.plist;
				LD_RUNPATH_SEARCH_PATHS = (
					"$(inherited)",
					"@executable_path/../Frameworks",
				);
				MACOSX_DEPLOYMENT_TARGET = 11.0;
				PRODUCT_BUNDLE_IDENTIFIER = MosleyTech.HelloWorld;
				PRODUCT_NAME = HelloWorld;
				SDKROOT = macosx;
				SWIFT_VERSION = 5.0;
			};
			name = Debug;
		};
		30752DDD25EDB15500A6E89A /* Release */ = {
			isa = XCBuildConfiguration;
			buildSettings = {
				ASSETCATALOG_COMPILER_APPICON_NAME = AppIcon;
				ASSETCATALOG_COMPILER_GLOBAL_ACCENT_COLOR_NAME = AccentColor;
				CODE_SIGN_ENTITLEMENTS = macOS/macOS.entitlements;
				CODE_SIGN_STYLE = Automatic;
				COMBINE_HIDPI_IMAGES = YES;
				ENABLE_PREVIEWS = YES;
				INFOPLIST_FILE = macOS/Info.plist;
				LD_RUNPATH_SEARCH_PATHS = (
					"$(inherited)",
					"@executable_path/../Frameworks",
				);
				MACOSX_DEPLOYMENT_TARGET = 11.0;
				PRODUCT_BUNDLE_IDENTIFIER = MosleyTech.HelloWorld;
				PRODUCT_NAME = HelloWorld;
				SDKROOT = macosx;
				SWIFT_VERSION = 5.0;
			};
			name = Release;
		};
		30752DDF25EDB15500A6E89A /* Debug */ = {
			isa = XCBuildConfiguration;
			buildSettings = {
				ALWAYS_EMBED_SWIFT_STANDARD_LIBRARIES = YES;
				CODE_SIGN_STYLE = Automatic;
				INFOPLIST_FILE = "Tests iOS/Info.plist";
				IPHONEOS_DEPLOYMENT_TARGET = 14.4;
				LD_RUNPATH_SEARCH_PATHS = (
					"$(inherited)",
					"@executable_path/Frameworks",
					"@loader_path/Frameworks",
				);
				PRODUCT_BUNDLE_IDENTIFIER = "MosleyTech.Tests-iOS";
				PRODUCT_NAME = "$(TARGET_NAME)";
				SDKROOT = iphoneos;
				SWIFT_VERSION = 5.0;
				TARGETED_DEVICE_FAMILY = "1,2";
				TEST_TARGET_NAME = "HelloWorld (iOS)";
			};
			name = Debug;
		};
		30752DE025EDB15500A6E89A /* Release */ = {
			isa = XCBuildConfiguration;
			buildSettings = {
				ALWAYS_EMBED_SWIFT_STANDARD_LIBRARIES = YES;
				CODE_SIGN_STYLE = Automatic;
				INFOPLIST_FILE = "Tests iOS/Info.plist";
				IPHONEOS_DEPLOYMENT_TARGET = 14.4;
				LD_RUNPATH_SEARCH_PATHS = (
					"$(inherited)",
					"@executable_path/Frameworks",
					"@loader_path/Frameworks",
				);
				PRODUCT_BUNDLE_IDENTIFIER = "MosleyTech.Tests-iOS";
				PRODUCT_NAME = "$(TARGET_NAME)";
				SDKROOT = iphoneos;
				SWIFT_VERSION = 5.0;
				TARGETED_DEVICE_FAMILY = "1,2";
				TEST_TARGET_NAME = "HelloWorld (iOS)";
				VALIDATE_PRODUCT = YES;
			};
			name = Release;
		};
		30752DE225EDB15500A6E89A /* Debug */ = {
			isa = XCBuildConfiguration;
			buildSettings = {
				ALWAYS_EMBED_SWIFT_STANDARD_LIBRARIES = YES;
				CODE_SIGN_STYLE = Automatic;
				COMBINE_HIDPI_IMAGES = YES;
				INFOPLIST_FILE = "Tests macOS/Info.plist";
				LD_RUNPATH_SEARCH_PATHS = (
					"$(inherited)",
					"@executable_path/../Frameworks",
					"@loader_path/../Frameworks",
				);
				MACOSX_DEPLOYMENT_TARGET = 10.15;
				PRODUCT_BUNDLE_IDENTIFIER = "MosleyTech.Tests-macOS";
				PRODUCT_NAME = "$(TARGET_NAME)";
				SDKROOT = macosx;
				SWIFT_VERSION = 5.0;
				TEST_TARGET_NAME = "HelloWorld (macOS)";
			};
			name = Debug;
		};
		30752DE325EDB15500A6E89A /* Release */ = {
			isa = XCBuildConfiguration;
			buildSettings = {
				ALWAYS_EMBED_SWIFT_STANDARD_LIBRARIES = YES;
				CODE_SIGN_STYLE = Automatic;
				COMBINE_HIDPI_IMAGES = YES;
				INFOPLIST_FILE = "Tests macOS/Info.plist";
				LD_RUNPATH_SEARCH_PATHS = (
					"$(inherited)",
					"@executable_path/../Frameworks",
					"@loader_path/../Frameworks",
				);
				MACOSX_DEPLOYMENT_TARGET = 10.15;
				PRODUCT_BUNDLE_IDENTIFIER = "MosleyTech.Tests-macOS";
				PRODUCT_NAME = "$(TARGET_NAME)";
				SDKROOT = macosx;
				SWIFT_VERSION = 5.0;
				TEST_TARGET_NAME = "HelloWorld (macOS)";
			};
			name = Release;
		};
/* End XCBuildConfiguration section */

/* Begin XCConfigurationList section */
		30752DA525EDB15100A6E89A /* Build configuration list for PBXProject "HelloWorld" */ = {
			isa = XCConfigurationList;
			buildConfigurations = (
				30752DD625EDB15500A6E89A /* Debug */,
				30752DD725EDB15500A6E89A /* Release */,
			);
			defaultConfigurationIsVisible = 0;
			defaultConfigurationName = Release;
		};
		30752DD825EDB15500A6E89A /* Build configuration list for PBXNativeTarget "HelloWorld (iOS)" */ = {
			isa = XCConfigurationList;
			buildConfigurations = (
				30752DD925EDB15500A6E89A /* Debug */,
				30752DDA25EDB15500A6E89A /* Release */,
			);
			defaultConfigurationIsVisible = 0;
			defaultConfigurationName = Release;
		};
		30752DDB25EDB15500A6E89A /* Build configuration list for PBXNativeTarget "HelloWorld (macOS)" */ = {
			isa = XCConfigurationList;
			buildConfigurations = (
				30752DDC25EDB15500A6E89A /* Debug */,
				30752DDD25EDB15500A6E89A /* Release */,
			);
			defaultConfigurationIsVisible = 0;
			defaultConfigurationName = Release;
		};
		30752DDE25EDB15500A6E89A /* Build configuration list for PBXNativeTarget "Tests iOS" */ = {
			isa = XCConfigurationList;
			buildConfigurations = (
				30752DDF25EDB15500A6E89A /* Debug */,
				30752DE025EDB15500A6E89A /* Release */,
			);
			defaultConfigurationIsVisible = 0;
			defaultConfigurationName = Release;
		};
		30752DE125EDB15500A6E89A /* Build configuration list for PBXNativeTarget "Tests macOS" */ = {
			isa = XCConfigurationList;
			buildConfigurations = (
				30752DE225EDB15500A6E89A /* Debug */,
				30752DE325EDB15500A6E89A /* Release */,
			);
			defaultConfigurationIsVisible = 0;
			defaultConfigurationName = Release;
		};
/* End XCConfigurationList section */
	};
	rootObject = 30752DA225EDB15100A6E89A /* Project object */;
}
